
Microsoft Visual Studio Solution File, Format Version 12.00
# Visual Studio Version 17
VisualStudioVersion = 17.14.36518.9
MinimumVisualStudioVersion = 10.0.40219.1
Project("{FAE04EC0-301F-11D3-BF4B-00C04F79EFBC}") = "ProyectoRestaurante", "ProyectoRestaurante\ProyectoRestaurante.csproj", "{B714A9FD-8D83-41B8-AB4A-AE3F7535B52A}"
EndProject
Project("{FAE04EC0-301F-11D3-BF4B-00C04F79EFBC}") = "ProyectoRestaurante.Tests", "ProyectoRestaurante.Tests\ProyectoRestaurante.Tests.csproj", "{8C29E9E5-1567-4C3E-9D4E-1B26A0B855D2}"
EndProject
Global
	GlobalSection(SolutionConfigurationPlatforms) = preSolution
		Debug|Any CPU = Debug|Any CPU
		Debug|x64 = Debug|x64
		Debug|x86 = Debug|x86
		Release|Any CPU = Release|Any CPU
		Release|x64 = Release|x64
		Release|x86 = Release|x86
	EndGlobalSection
	GlobalSection(ProjectConfigurationPlatforms) = postSolution
		{B714A9FD-8D83-41B8-AB4A-AE3F7535B52A}.Debug|Any CPU.ActiveCfg = Debug|Any CPU
		{B714A9FD-8D83-41B8-AB4A-AE3F7535B52A}.Debug|Any CPU.Build.0 = Debug|Any CPU
		{B714A9FD-8D83-41B8-AB4A-AE3F7535B52A}.Debug|x64.ActiveCfg = Debug|Any CPU
		{B714A9FD-8D83-41B8-AB4A-AE3F7535B52A}.Debug|x64.Build.0 = Debug|Any CPU
		{B714A9FD-8D83-41B8-AB4A-AE3F7535B52A}.Debug|x86.ActiveCfg = Debug|Any CPU
		{B714A9FD-8D83-41B8-AB4A-AE3F7535B52A}.Debug|x86.Build.0 = Debug|Any CPU
		{B714A9FD-8D83-41B8-AB4A-AE3F7535B52A}.Release|Any CPU.ActiveCfg = Release|Any CPU
		{B714A9FD-8D83-41B8-AB4A-AE3F7535B52A}.Release|Any CPU.Build.0 = Release|Any CPU
		{B714A9FD-8D83-41B8-AB4A-AE3F7535B52A}.Release|x64.ActiveCfg = Release|Any CPU
		{B714A9FD-8D83-41B8-AB4A-AE3F7535B52A}.Release|x64.Build.0 = Release|Any CPU
		{B714A9FD-8D83-41B8-AB4A-AE3F7535B52A}.Release|x86.ActiveCfg = Release|Any CPU
		{B714A9FD-8D83-41B8-AB4A-AE3F7535B52A}.Release|x86.Build.0 = Release|Any CPU
		{8C29E9E5-1567-4C3E-9D4E-1B26A0B855D2}.Debug|Any CPU.ActiveCfg = Debug|Any CPU
		{8C29E9E5-1567-4C3E-9D4E-1B26A0B855D2}.Debug|Any CPU.Build.0 = Debug|Any CPU
		{8C29E9E5-1567-4C3E-9D4E-1B26A0B855D2}.Debug|x64.ActiveCfg = Debug|Any CPU
		{8C29E9E5-1567-4C3E-9D4E-1B26A0B855D2}.Debug|x64.Build.0 = Debug|Any CPU
		{8C29E9E5-1567-4C3E-9D4E-1B26A0B855D2}.Debug|x86.ActiveCfg = Debug|Any CPU
		{8C29E9E5-1567-4C3E-9D4E-1B26A0B855D2}.Debug|x86.Build.0 = Debug|Any CPU
		{8C29E9E5-1567-4C3E-9D4E-1B26A0B855D2}.Release|Any CPU.ActiveCfg = Release|Any CPU
		{8C29E9E5-1567-4C3E-9D4E-1B26A0B855D2}.Release|Any CPU.Build.0 = Release|Any CPU
		{8C29E9E5-1567-4C3E-9D4E-1B26A0B855D2}.Release|x64.ActiveCfg = Release|Any CPU
		{8C29E9E5-1567-4C3E-9D4E-1B26A0B855D2}.Release|x64.Build.0 = Release|Any CPU
		{8C29E9E5-1567-4C3E-9D4E-1B26A0B855D2}.Release|x86.ActiveCfg = Release|Any CPU
		{8C29E9E5-1567-4C3E-9D4E-1B26A0B855D2}.Release|x86.Build.0 = Release|Any CPU
	EndGlobalSection
	GlobalSection(SolutionProperties) = preSolution
		HideSolutionNode = FALSE
	EndGlobalSection
	GlobalSection(ExtensibilityGlobals) = postSolution
		SolutionGuid = {A2E79DDE-81AC-4EC6-8E97-BA06B6D37F94}
	EndGlobalSection
EndGlobal
